
Microsoft Visual Studio Solution File, Format Version 12.00
# Visual Studio Version 16
VisualStudioVersion = 16.0.30804.86
MinimumVisualStudioVersion = 10.0.40219.1
Project("{FAE04EC0-301F-11D3-BF4B-00C04F79EFBC}") = "SmartSchool.API", "SmartSchool.API\SmartSchool.API.csproj", "{BB77821E-FCA3-4883-B952-5AC9BB66C816}"
EndProject
Global
	GlobalSection(SolutionConfigurationPlatforms) = preSolution
		Debug|Any CPU = Debug|Any CPU
		Release|Any CPU = Release|Any CPU
	EndGlobalSection
	GlobalSection(ProjectConfigurationPlatforms) = postSolution
		{BB77821E-FCA3-4883-B952-5AC9BB66C816}.Debug|Any CPU.ActiveCfg = Debug|Any CPU
		{BB77821E-FCA3-4883-B952-5AC9BB66C816}.Debug|Any CPU.Build.0 = Debug|Any CPU
		{BB77821E-FCA3-4883-B952-5AC9BB66C816}.Release|Any CPU.ActiveCfg = Release|Any CPU
		{BB77821E-FCA3-4883-B952-5AC9BB66C816}.Release|Any CPU.Build.0 = Release|Any CPU
	EndGlobalSection
	GlobalSection(SolutionProperties) = preSolution
		HideSolutionNode = FALSE
	EndGlobalSection
	GlobalSection(ExtensibilityGlobals) = postSolution
		SolutionGuid = {ADAFA90F-A9F4-42FA-B23E-1AD0BBF6A112}
	EndGlobalSection
EndGlobal
